// !$*UTF8*$!
{
	archiveVersion = 1;
	classes = {
	};
	objectVersion = 50;
	objects = {

/* Begin PBXBuildFile section */
		1279A4952401B69800C8AC09 /* QTCViewModel.swift in Sources */ = {isa = PBXBuildFile; fileRef = 1279A4942401B69800C8AC09 /* QTCViewModel.swift */; };
		1279A4972401C3DE00C8AC09 /* QTVDataSource.swift in Sources */ = {isa = PBXBuildFile; fileRef = 1279A4962401C3DE00C8AC09 /* QTVDataSource.swift */; };
		1279A49A2401C43400C8AC09 /* QTVLocalDataSource.swift in Sources */ = {isa = PBXBuildFile; fileRef = 1279A4992401C43400C8AC09 /* QTVLocalDataSource.swift */; };
		1279A49C2401C49200C8AC09 /* QTVContainer.swift in Sources */ = {isa = PBXBuildFile; fileRef = 1279A49B2401C49200C8AC09 /* QTVContainer.swift */; };
		1279A4D82401D80900C8AC09 /* books.json in Resources */ = {isa = PBXBuildFile; fileRef = 1279A4A02401C55300C8AC09 /* books.json */; };
		12B69BA4236246C0000C32EE /* AppDelegate.swift in Sources */ = {isa = PBXBuildFile; fileRef = 12B69BA3236246C0000C32EE /* AppDelegate.swift */; };
		12B69BA6236246C0000C32EE /* SceneDelegate.swift in Sources */ = {isa = PBXBuildFile; fileRef = 12B69BA5236246C0000C32EE /* SceneDelegate.swift */; };
		12B69BA8236246C0000C32EE /* QuickTableViewController.swift in Sources */ = {isa = PBXBuildFile; fileRef = 12B69BA7236246C0000C32EE /* QuickTableViewController.swift */; };
		12B69BAB236246C0000C32EE /* Main.storyboard in Resources */ = {isa = PBXBuildFile; fileRef = 12B69BA9236246C0000C32EE /* Main.storyboard */; };
		12B69BAD236246C2000C32EE /* Assets.xcassets in Resources */ = {isa = PBXBuildFile; fileRef = 12B69BAC236246C2000C32EE /* Assets.xcassets */; };
		12B69BB0236246C2000C32EE /* LaunchScreen.storyboard in Resources */ = {isa = PBXBuildFile; fileRef = 12B69BAE236246C2000C32EE /* LaunchScreen.storyboard */; };
		12B69BBB236246C2000C32EE /* QuickTableViewTests.swift in Sources */ = {isa = PBXBuildFile; fileRef = 12B69BBA236246C2000C32EE /* QuickTableViewTests.swift */; };
		12B69BC6236246C2000C32EE /* QuickTableViewUITests.swift in Sources */ = {isa = PBXBuildFile; fileRef = 12B69BC5236246C2000C32EE /* QuickTableViewUITests.swift */; };
/* End PBXBuildFile section */

/* Begin PBXContainerItemProxy section */
		12B69BB7236246C2000C32EE /* PBXContainerItemProxy */ = {
			isa = PBXContainerItemProxy;
			containerPortal = 12B69B98236246C0000C32EE /* Project object */;
			proxyType = 1;
			remoteGlobalIDString = 12B69B9F236246C0000C32EE;
			remoteInfo = "Book List";
		};
		12B69BC2236246C2000C32EE /* PBXContainerItemProxy */ = {
			isa = PBXContainerItemProxy;
			containerPortal = 12B69B98236246C0000C32EE /* Project object */;
			proxyType = 1;
			remoteGlobalIDString = 12B69B9F236246C0000C32EE;
			remoteInfo = "Book List";
		};
/* End PBXContainerItemProxy section */

/* Begin PBXFileReference section */
		1279A4942401B69800C8AC09 /* QTCViewModel.swift */ = {isa = PBXFileReference; lastKnownFileType = sourcecode.swift; path = QTCViewModel.swift; sourceTree = "<group>"; };
		1279A4962401C3DE00C8AC09 /* QTVDataSource.swift */ = {isa = PBXFileReference; lastKnownFileType = sourcecode.swift; path = QTVDataSource.swift; sourceTree = "<group>"; };
		1279A4992401C43400C8AC09 /* QTVLocalDataSource.swift */ = {isa = PBXFileReference; lastKnownFileType = sourcecode.swift; path = QTVLocalDataSource.swift; sourceTree = "<group>"; };
		1279A49B2401C49200C8AC09 /* QTVContainer.swift */ = {isa = PBXFileReference; lastKnownFileType = sourcecode.swift; path = QTVContainer.swift; sourceTree = "<group>"; };
		1279A4A02401C55300C8AC09 /* books.json */ = {isa = PBXFileReference; lastKnownFileType = text.json; path = books.json; sourceTree = "<group>"; };
		12B69BA0236246C0000C32EE /* QuickTableView.app */ = {isa = PBXFileReference; explicitFileType = wrapper.application; includeInIndex = 0; path = QuickTableView.app; sourceTree = BUILT_PRODUCTS_DIR; };
		12B69BA3236246C0000C32EE /* AppDelegate.swift */ = {isa = PBXFileReference; lastKnownFileType = sourcecode.swift; path = AppDelegate.swift; sourceTree = "<group>"; };
		12B69BA5236246C0000C32EE /* SceneDelegate.swift */ = {isa = PBXFileReference; lastKnownFileType = sourcecode.swift; path = SceneDelegate.swift; sourceTree = "<group>"; };
		12B69BA7236246C0000C32EE /* QuickTableViewController.swift */ = {isa = PBXFileReference; lastKnownFileType = sourcecode.swift; path = QuickTableViewController.swift; sourceTree = "<group>"; };
		12B69BAA236246C0000C32EE /* Base */ = {isa = PBXFileReference; lastKnownFileType = file.storyboard; name = Base; path = Base.lproj/Main.storyboard; sourceTree = "<group>"; };
		12B69BAC236246C2000C32EE /* Assets.xcassets */ = {isa = PBXFileReference; lastKnownFileType = folder.assetcatalog; path = Assets.xcassets; sourceTree = "<group>"; };
		12B69BAF236246C2000C32EE /* Base */ = {isa = PBXFileReference; lastKnownFileType = file.storyboard; name = Base; path = Base.lproj/LaunchScreen.storyboard; sourceTree = "<group>"; };
		12B69BB1236246C2000C32EE /* Info.plist */ = {isa = PBXFileReference; lastKnownFileType = text.plist.xml; path = Info.plist; sourceTree = "<group>"; };
		12B69BB6236246C2000C32EE /* Book ListTests.xctest */ = {isa = PBXFileReference; explicitFileType = wrapper.cfbundle; includeInIndex = 0; path = "Book ListTests.xctest"; sourceTree = BUILT_PRODUCTS_DIR; };
		12B69BBA236246C2000C32EE /* QuickTableViewTests.swift */ = {isa = PBXFileReference; lastKnownFileType = sourcecode.swift; path = QuickTableViewTests.swift; sourceTree = "<group>"; };
		12B69BBC236246C2000C32EE /* Info.plist */ = {isa = PBXFileReference; lastKnownFileType = text.plist.xml; path = Info.plist; sourceTree = "<group>"; };
		12B69BC1236246C2000C32EE /* Book ListUITests.xctest */ = {isa = PBXFileReference; explicitFileType = wrapper.cfbundle; includeInIndex = 0; path = "Book ListUITests.xctest"; sourceTree = BUILT_PRODUCTS_DIR; };
		12B69BC5236246C2000C32EE /* QuickTableViewUITests.swift */ = {isa = PBXFileReference; lastKnownFileType = sourcecode.swift; path = QuickTableViewUITests.swift; sourceTree = "<group>"; };
		12B69BC7236246C2000C32EE /* Info.plist */ = {isa = PBXFileReference; lastKnownFileType = text.plist.xml; path = Info.plist; sourceTree = "<group>"; };
/* End PBXFileReference section */

/* Begin PBXFrameworksBuildPhase section */
		12B69B9D236246C0000C32EE /* Frameworks */ = {
			isa = PBXFrameworksBuildPhase;
			buildActionMask = 2147483647;
			files = (
			);
			runOnlyForDeploymentPostprocessing = 0;
		};
		12B69BB3236246C2000C32EE /* Frameworks */ = {
			isa = PBXFrameworksBuildPhase;
			buildActionMask = 2147483647;
			files = (
			);
			runOnlyForDeploymentPostprocessing = 0;
		};
		12B69BBE236246C2000C32EE /* Frameworks */ = {
			isa = PBXFrameworksBuildPhase;
			buildActionMask = 2147483647;
			files = (
			);
			runOnlyForDeploymentPostprocessing = 0;
		};
/* End PBXFrameworksBuildPhase section */

/* Begin PBXGroup section */
		1279A4982401C41700C8AC09 /* QTVDataSource */ = {
			isa = PBXGroup;
			children = (
				1279A4962401C3DE00C8AC09 /* QTVDataSource.swift */,
				1279A49E2401C53A00C8AC09 /* QTVLocalDataSource */,
			);
			path = QTVDataSource;
			sourceTree = "<group>";
		};
		1279A49E2401C53A00C8AC09 /* QTVLocalDataSource */ = {
			isa = PBXGroup;
			children = (
				1279A4992401C43400C8AC09 /* QTVLocalDataSource.swift */,
				1279A49F2401C54C00C8AC09 /* Local Resources */,
			);
			path = QTVLocalDataSource;
			sourceTree = "<group>";
		};
		1279A49F2401C54C00C8AC09 /* Local Resources */ = {
			isa = PBXGroup;
			children = (
				1279A4A02401C55300C8AC09 /* books.json */,
			);
			path = "Local Resources";
			sourceTree = "<group>";
		};
		12B69B97236246C0000C32EE = {
			isa = PBXGroup;
			children = (
				12B69BA2236246C0000C32EE /* QuickTableView */,
				12B69BB9236246C2000C32EE /* QuickTableViewTests */,
				12B69BC4236246C2000C32EE /* QuickTableViewUITests */,
				12B69BA1236246C0000C32EE /* Products */,
			);
			sourceTree = "<group>";
		};
		12B69BA1236246C0000C32EE /* Products */ = {
			isa = PBXGroup;
			children = (
				12B69BA0236246C0000C32EE /* QuickTableView.app */,
				12B69BB6236246C2000C32EE /* Book ListTests.xctest */,
				12B69BC1236246C2000C32EE /* Book ListUITests.xctest */,
			);
			name = Products;
			sourceTree = "<group>";
		};
		12B69BA2236246C0000C32EE /* QuickTableView */ = {
			isa = PBXGroup;
			children = (
				12B69BB1236246C2000C32EE /* Info.plist */,
				12B69BA3236246C0000C32EE /* AppDelegate.swift */,
				1279A4942401B69800C8AC09 /* QTCViewModel.swift */,
				1279A49B2401C49200C8AC09 /* QTVContainer.swift */,
				12B69BA7236246C0000C32EE /* QuickTableViewController.swift */,
				12B69BA5236246C0000C32EE /* SceneDelegate.swift */,
				12B69BAC236246C2000C32EE /* Assets.xcassets */,
				12B69BAE236246C2000C32EE /* LaunchScreen.storyboard */,
				12B69BA9236246C0000C32EE /* Main.storyboard */,
				1279A4982401C41700C8AC09 /* QTVDataSource */,
			);
			path = QuickTableView;
			sourceTree = "<group>";
		};
		12B69BB9236246C2000C32EE /* QuickTableViewTests */ = {
			isa = PBXGroup;
			children = (
				12B69BBA236246C2000C32EE /* QuickTableViewTests.swift */,
				12B69BBC236246C2000C32EE /* Info.plist */,
			);
			path = QuickTableViewTests;
			sourceTree = "<group>";
		};
		12B69BC4236246C2000C32EE /* QuickTableViewUITests */ = {
			isa = PBXGroup;
			children = (
				12B69BC5236246C2000C32EE /* QuickTableViewUITests.swift */,
				12B69BC7236246C2000C32EE /* Info.plist */,
			);
			path = QuickTableViewUITests;
			sourceTree = "<group>";
		};
/* End PBXGroup section */

/* Begin PBXNativeTarget section */
		12B69B9F236246C0000C32EE /* QuickTableView */ = {
			isa = PBXNativeTarget;
			buildConfigurationList = 12B69BCA236246C2000C32EE /* Build configuration list for PBXNativeTarget "QuickTableView" */;
			buildPhases = (
				12B69B9C236246C0000C32EE /* Sources */,
				12B69B9D236246C0000C32EE /* Frameworks */,
				12B69B9E236246C0000C32EE /* Resources */,
			);
			buildRules = (
			);
			dependencies = (
			);
			name = QuickTableView;
			productName = "Book List";
			productReference = 12B69BA0236246C0000C32EE /* QuickTableView.app */;
			productType = "com.apple.product-type.application";
		};
		12B69BB5236246C2000C32EE /* Book ListTests */ = {
			isa = PBXNativeTarget;
			buildConfigurationList = 12B69BCD236246C2000C32EE /* Build configuration list for PBXNativeTarget "Book ListTests" */;
			buildPhases = (
				12B69BB2236246C2000C32EE /* Sources */,
				12B69BB3236246C2000C32EE /* Frameworks */,
				12B69BB4236246C2000C32EE /* Resources */,
			);
			buildRules = (
			);
			dependencies = (
				12B69BB8236246C2000C32EE /* PBXTargetDependency */,
			);
			name = "Book ListTests";
			productName = "Book ListTests";
			productReference = 12B69BB6236246C2000C32EE /* Book ListTests.xctest */;
			productType = "com.apple.product-type.bundle.unit-test";
		};
		12B69BC0236246C2000C32EE /* Book ListUITests */ = {
			isa = PBXNativeTarget;
			buildConfigurationList = 12B69BD0236246C2000C32EE /* Build configuration list for PBXNativeTarget "Book ListUITests" */;
			buildPhases = (
				12B69BBD236246C2000C32EE /* Sources */,
				12B69BBE236246C2000C32EE /* Frameworks */,
				12B69BBF236246C2000C32EE /* Resources */,
			);
			buildRules = (
			);
			dependencies = (
				12B69BC3236246C2000C32EE /* PBXTargetDependency */,
			);
			name = "Book ListUITests";
			productName = "Book ListUITests";
			productReference = 12B69BC1236246C2000C32EE /* Book ListUITests.xctest */;
			productType = "com.apple.product-type.bundle.ui-testing";
		};
/* End PBXNativeTarget section */

/* Begin PBXProject section */
		12B69B98236246C0000C32EE /* Project object */ = {
			isa = PBXProject;
			attributes = {
				LastSwiftUpdateCheck = 1110;
				LastUpgradeCheck = 1110;
				ORGANIZATIONNAME = "John Cheney";
				TargetAttributes = {
					12B69B9F236246C0000C32EE = {
						CreatedOnToolsVersion = 11.1;
					};
					12B69BB5236246C2000C32EE = {
						CreatedOnToolsVersion = 11.1;
						TestTargetID = 12B69B9F236246C0000C32EE;
					};
					12B69BC0236246C2000C32EE = {
						CreatedOnToolsVersion = 11.1;
						TestTargetID = 12B69B9F236246C0000C32EE;
					};
				};
			};
			buildConfigurationList = 12B69B9B236246C0000C32EE /* Build configuration list for PBXProject "QuickTableView" */;
			compatibilityVersion = "Xcode 9.3";
			developmentRegion = en;
			hasScannedForEncodings = 0;
			knownRegions = (
				en,
				Base,
			);
			mainGroup = 12B69B97236246C0000C32EE;
			productRefGroup = 12B69BA1236246C0000C32EE /* Products */;
			projectDirPath = "";
			projectRoot = "";
			targets = (
				12B69B9F236246C0000C32EE /* QuickTableView */,
				12B69BB5236246C2000C32EE /* Book ListTests */,
				12B69BC0236246C2000C32EE /* Book ListUITests */,
			);
		};
/* End PBXProject section */

/* Begin PBXResourcesBuildPhase section */
		12B69B9E236246C0000C32EE /* Resources */ = {
			isa = PBXResourcesBuildPhase;
			buildActionMask = 2147483647;
			files = (
				1279A4D82401D80900C8AC09 /* books.json in Resources */,
				12B69BB0236246C2000C32EE /* LaunchScreen.storyboard in Resources */,
				12B69BAD236246C2000C32EE /* Assets.xcassets in Resources */,
				12B69BAB236246C0000C32EE /* Main.storyboard in Resources */,
			);
			runOnlyForDeploymentPostprocessing = 0;
		};
		12B69BB4236246C2000C32EE /* Resources */ = {
			isa = PBXResourcesBuildPhase;
			buildActionMask = 2147483647;
			files = (
			);
			runOnlyForDeploymentPostprocessing = 0;
		};
		12B69BBF236246C2000C32EE /* Resources */ = {
			isa = PBXResourcesBuildPhase;
			buildActionMask = 2147483647;
			files = (
			);
			runOnlyForDeploymentPostprocessing = 0;
		};
/* End PBXResourcesBuildPhase section */

/* Begin PBXSourcesBuildPhase section */
		12B69B9C236246C0000C32EE /* Sources */ = {
			isa = PBXSourcesBuildPhase;
			buildActionMask = 2147483647;
			files = (
				12B69BA8236246C0000C32EE /* QuickTableViewController.swift in Sources */,
				1279A49C2401C49200C8AC09 /* QTVContainer.swift in Sources */,
				1279A4952401B69800C8AC09 /* QTCViewModel.swift in Sources */,
				1279A49A2401C43400C8AC09 /* QTVLocalDataSource.swift in Sources */,
				12B69BA4236246C0000C32EE /* AppDelegate.swift in Sources */,
				12B69BA6236246C0000C32EE /* SceneDelegate.swift in Sources */,
				1279A4972401C3DE00C8AC09 /* QTVDataSource.swift in Sources */,
			);
			runOnlyForDeploymentPostprocessing = 0;
		};
		12B69BB2236246C2000C32EE /* Sources */ = {
			isa = PBXSourcesBuildPhase;
			buildActionMask = 2147483647;
			files = (
				12B69BBB236246C2000C32EE /* QuickTableViewTests.swift in Sources */,
			);
			runOnlyForDeploymentPostprocessing = 0;
		};
		12B69BBD236246C2000C32EE /* Sources */ = {
			isa = PBXSourcesBuildPhase;
			buildActionMask = 2147483647;
			files = (
				12B69BC6236246C2000C32EE /* QuickTableViewUITests.swift in Sources */,
			);
			runOnlyForDeploymentPostprocessing = 0;
		};
/* End PBXSourcesBuildPhase section */

/* Begin PBXTargetDependency section */
		12B69BB8236246C2000C32EE /* PBXTargetDependency */ = {
			isa = PBXTargetDependency;
			target = 12B69B9F236246C0000C32EE /* QuickTableView */;
			targetProxy = 12B69BB7236246C2000C32EE /* PBXContainerItemProxy */;
		};
		12B69BC3236246C2000C32EE /* PBXTargetDependency */ = {
			isa = PBXTargetDependency;
			target = 12B69B9F236246C0000C32EE /* QuickTableView */;
			targetProxy = 12B69BC2236246C2000C32EE /* PBXContainerItemProxy */;
		};
/* End PBXTargetDependency section */

/* Begin PBXVariantGroup section */
		12B69BA9236246C0000C32EE /* Main.storyboard */ = {
			isa = PBXVariantGroup;
			children = (
				12B69BAA236246C0000C32EE /* Base */,
			);
			name = Main.storyboard;
			sourceTree = "<group>";
		};
		12B69BAE236246C2000C32EE /* LaunchScreen.storyboard */ = {
			isa = PBXVariantGroup;
			children = (
				12B69BAF236246C2000C32EE /* Base */,
			);
			name = LaunchScreen.storyboard;
			sourceTree = "<group>";
		};
/* End PBXVariantGroup section */

/* Begin XCBuildConfiguration section */
		12B69BC8236246C2000C32EE /* Debug */ = {
			isa = XCBuildConfiguration;
			buildSettings = {
				ALWAYS_SEARCH_USER_PATHS = NO;
				CLANG_ANALYZER_NONNULL = YES;
				CLANG_ANALYZER_NUMBER_OBJECT_CONVERSION = YES_AGGRESSIVE;
				CLANG_CXX_LANGUAGE_STANDARD = "gnu++14";
				CLANG_CXX_LIBRARY = "libc++";
				CLANG_ENABLE_MODULES = YES;
				CLANG_ENABLE_OBJC_ARC = YES;
				CLANG_ENABLE_OBJC_WEAK = YES;
				CLANG_WARN_BLOCK_CAPTURE_AUTORELEASING = YES;
				CLANG_WARN_BOOL_CONVERSION = YES;
				CLANG_WARN_COMMA = YES;
				CLANG_WARN_CONSTANT_CONVERSION = YES;
				CLANG_WARN_DEPRECATED_OBJC_IMPLEMENTATIONS = YES;
				CLANG_WARN_DIRECT_OBJC_ISA_USAGE = YES_ERROR;
				CLANG_WARN_DOCUMENTATION_COMMENTS = YES;
				CLANG_WARN_EMPTY_BODY = YES;
				CLANG_WARN_ENUM_CONVERSION = YES;
				CLANG_WARN_INFINITE_RECURSION = YES;
				CLANG_WARN_INT_CONVERSION = YES;
				CLANG_WARN_NON_LITERAL_NULL_CONVERSION = YES;
				CLANG_WARN_OBJC_IMPLICIT_RETAIN_SELF = YES;
				CLANG_WARN_OBJC_LITERAL_CONVERSION = YES;
				CLANG_WARN_OBJC_ROOT_CLASS = YES_ERROR;
				CLANG_WARN_RANGE_LOOP_ANALYSIS = YES;
				CLANG_WARN_STRICT_PROTOTYPES = YES;
				CLANG_WARN_SUSPICIOUS_MOVE = YES;
				CLANG_WARN_UNGUARDED_AVAILABILITY = YES_AGGRESSIVE;
				CLANG_WARN_UNREACHABLE_CODE = YES;
				CLANG_WARN__DUPLICATE_METHOD_MATCH = YES;
				COPY_PHASE_STRIP = NO;
				DEBUG_INFORMATION_FORMAT = dwarf;
				ENABLE_STRICT_OBJC_MSGSEND = YES;
				ENABLE_TESTABILITY = YES;
				GCC_C_LANGUAGE_STANDARD = gnu11;
				GCC_DYNAMIC_NO_PIC = NO;
				GCC_NO_COMMON_BLOCKS = YES;
				GCC_OPTIMIZATION_LEVEL = 0;
				GCC_PREPROCESSOR_DEFINITIONS = (
					"DEBUG=1",
					"$(inherited)",
				);
				GCC_WARN_64_TO_32_BIT_CONVERSION = YES;
				GCC_WARN_ABOUT_RETURN_TYPE = YES_ERROR;
				GCC_WARN_UNDECLARED_SELECTOR = YES;
				GCC_WARN_UNINITIALIZED_AUTOS = YES_AGGRESSIVE;
				GCC_WARN_UNUSED_FUNCTION = YES;
				GCC_WARN_UNUSED_VARIABLE = YES;
				IPHONEOS_DEPLOYMENT_TARGET = 13.1;
				MTL_ENABLE_DEBUG_INFO = INCLUDE_SOURCE;
				MTL_FAST_MATH = YES;
				ONLY_ACTIVE_ARCH = YES;
				SDKROOT = iphoneos;
				SWIFT_ACTIVE_COMPILATION_CONDITIONS = DEBUG;
				SWIFT_OPTIMIZATION_LEVEL = "-Onone";
			};
			name = Debug;
		};
		12B69BC9236246C2000C32EE /* Release */ = {
			isa = XCBuildConfiguration;
			buildSettings = {
				ALWAYS_SEARCH_USER_PATHS = NO;
				CLANG_ANALYZER_NONNULL = YES;
				CLANG_ANALYZER_NUMBER_OBJECT_CONVERSION = YES_AGGRESSIVE;
				CLANG_CXX_LANGUAGE_STANDARD = "gnu++14";
				CLANG_CXX_LIBRARY = "libc++";
				CLANG_ENABLE_MODULES = YES;
				CLANG_ENABLE_OBJC_ARC = YES;
				CLANG_ENABLE_OBJC_WEAK = YES;
				CLANG_WARN_BLOCK_CAPTURE_AUTORELEASING = YES;
				CLANG_WARN_BOOL_CONVERSION = YES;
				CLANG_WARN_COMMA = YES;
				CLANG_WARN_CONSTANT_CONVERSION = YES;
				CLANG_WARN_DEPRECATED_OBJC_IMPLEMENTATIONS = YES;
				CLANG_WARN_DIRECT_OBJC_ISA_USAGE = YES_ERROR;
				CLANG_WARN_DOCUMENTATION_COMMENTS = YES;
				CLANG_WARN_EMPTY_BODY = YES;
				CLANG_WARN_ENUM_CONVERSION = YES;
				CLANG_WARN_INFINITE_RECURSION = YES;
				CLANG_WARN_INT_CONVERSION = YES;
				CLANG_WARN_NON_LITERAL_NULL_CONVERSION = YES;
				CLANG_WARN_OBJC_IMPLICIT_RETAIN_SELF = YES;
				CLANG_WARN_OBJC_LITERAL_CONVERSION = YES;
				CLANG_WARN_OBJC_ROOT_CLASS = YES_ERROR;
				CLANG_WARN_RANGE_LOOP_ANALYSIS = YES;
				CLANG_WARN_STRICT_PROTOTYPES = YES;
				CLANG_WARN_SUSPICIOUS_MOVE = YES;
				CLANG_WARN_UNGUARDED_AVAILABILITY = YES_AGGRESSIVE;
				CLANG_WARN_UNREACHABLE_CODE = YES;
				CLANG_WARN__DUPLICATE_METHOD_MATCH = YES;
				COPY_PHASE_STRIP = NO;
				DEBUG_INFORMATION_FORMAT = "dwarf-with-dsym";
				ENABLE_NS_ASSERTIONS = NO;
				ENABLE_STRICT_OBJC_MSGSEND = YES;
				GCC_C_LANGUAGE_STANDARD = gnu11;
				GCC_NO_COMMON_BLOCKS = YES;
				GCC_WARN_64_TO_32_BIT_CONVERSION = YES;
				GCC_WARN_ABOUT_RETURN_TYPE = YES_ERROR;
				GCC_WARN_UNDECLARED_SELECTOR = YES;
				GCC_WARN_UNINITIALIZED_AUTOS = YES_AGGRESSIVE;
				GCC_WARN_UNUSED_FUNCTION = YES;
				GCC_WARN_UNUSED_VARIABLE = YES;
				IPHONEOS_DEPLOYMENT_TARGET = 13.1;
				MTL_ENABLE_DEBUG_INFO = NO;
				MTL_FAST_MATH = YES;
				SDKROOT = iphoneos;
				SWIFT_COMPILATION_MODE = wholemodule;
				SWIFT_OPTIMIZATION_LEVEL = "-O";
				VALIDATE_PRODUCT = YES;
			};
			name = Release;
		};
		12B69BCB236246C2000C32EE /* Debug */ = {
			isa = XCBuildConfiguration;
			buildSettings = {
				ASSETCATALOG_COMPILER_APPICON_NAME = AppIcon;
				CODE_SIGN_STYLE = Automatic;
				DEVELOPMENT_TEAM = 226VD46MFJ;
				INFOPLIST_FILE = QuickTableView/Info.plist;
				LD_RUNPATH_SEARCH_PATHS = (
					"$(inherited)",
					"@executable_path/Frameworks",
				);
				PRODUCT_BUNDLE_IDENTIFIER = "com.wizz.Book-List";
				PRODUCT_NAME = "$(TARGET_NAME)";
				SWIFT_VERSION = 5.0;
				TARGETED_DEVICE_FAMILY = "1,2";
			};
			name = Debug;
		};
		12B69BCC236246C2000C32EE /* Release */ = {
			isa = XCBuildConfiguration;
			buildSettings = {
				ASSETCATALOG_COMPILER_APPICON_NAME = AppIcon;
				CODE_SIGN_STYLE = Automatic;
				DEVELOPMENT_TEAM = 226VD46MFJ;
				INFOPLIST_FILE = QuickTableView/Info.plist;
				LD_RUNPATH_SEARCH_PATHS = (
					"$(inherited)",
					"@executable_path/Frameworks",
				);
				PRODUCT_BUNDLE_IDENTIFIER = "com.wizz.Book-List";
				PRODUCT_NAME = "$(TARGET_NAME)";
				SWIFT_VERSION = 5.0;
				TARGETED_DEVICE_FAMILY = "1,2";
			};
			name = Release;
		};
		12B69BCE236246C2000C32EE /* Debug */ = {
			isa = XCBuildConfiguration;
			buildSettings = {
				ALWAYS_EMBED_SWIFT_STANDARD_LIBRARIES = YES;
				BUNDLE_LOADER = "$(TEST_HOST)";
				CODE_SIGN_STYLE = Automatic;
				DEVELOPMENT_TEAM = 226VD46MFJ;
				INFOPLIST_FILE = QuickTableViewTests/Info.plist;
				IPHONEOS_DEPLOYMENT_TARGET = 13.1;
				LD_RUNPATH_SEARCH_PATHS = (
					"$(inherited)",
					"@executable_path/Frameworks",
					"@loader_path/Frameworks",
				);
				PRODUCT_BUNDLE_IDENTIFIER = "com.wizz.Book-ListTests";
				PRODUCT_NAME = "$(TARGET_NAME)";
				SWIFT_VERSION = 5.0;
				TARGETED_DEVICE_FAMILY = "1,2";
				TEST_HOST = "$(BUILT_PRODUCTS_DIR)/QuickTableView.app/QuickTableView";
			};
			name = Debug;
		};
		12B69BCF236246C2000C32EE /* Release */ = {
			isa = XCBuildConfiguration;
			buildSettings = {
				ALWAYS_EMBED_SWIFT_STANDARD_LIBRARIES = YES;
				BUNDLE_LOADER = "$(TEST_HOST)";
				CODE_SIGN_STYLE = Automatic;
				DEVELOPMENT_TEAM = 226VD46MFJ;
				INFOPLIST_FILE = QuickTableViewTests/Info.plist;
				IPHONEOS_DEPLOYMENT_TARGET = 13.1;
				LD_RUNPATH_SEARCH_PATHS = (
					"$(inherited)",
					"@executable_path/Frameworks",
					"@loader_path/Frameworks",
				);
				PRODUCT_BUNDLE_IDENTIFIER = "com.wizz.Book-ListTests";
				PRODUCT_NAME = "$(TARGET_NAME)";
				SWIFT_VERSION = 5.0;
				TARGETED_DEVICE_FAMILY = "1,2";
				TEST_HOST = "$(BUILT_PRODUCTS_DIR)/QuickTableView.app/QuickTableView";
			};
			name = Release;
		};
		12B69BD1236246C2000C32EE /* Debug */ = {
			isa = XCBuildConfiguration;
			buildSettings = {
				ALWAYS_EMBED_SWIFT_STANDARD_LIBRARIES = YES;
				CODE_SIGN_STYLE = Automatic;
				DEVELOPMENT_TEAM = 226VD46MFJ;
				INFOPLIST_FILE = QuickTableViewUITests/Info.plist;
				LD_RUNPATH_SEARCH_PATHS = (
					"$(inherited)",
					"@executable_path/Frameworks",
					"@loader_path/Frameworks",
				);
				PRODUCT_BUNDLE_IDENTIFIER = "com.wizz.Book-ListUITests";
				PRODUCT_NAME = "$(TARGET_NAME)";
				SWIFT_VERSION = 5.0;
				TARGETED_DEVICE_FAMILY = "1,2";
				TEST_TARGET_NAME = QuickTableView;
			};
			name = Debug;
		};
		12B69BD2236246C2000C32EE /* Release */ = {
			isa = XCBuildConfiguration;
			buildSettings = {
				ALWAYS_EMBED_SWIFT_STANDARD_LIBRARIES = YES;
				CODE_SIGN_STYLE = Automatic;
				DEVELOPMENT_TEAM = 226VD46MFJ;
				INFOPLIST_FILE = QuickTableViewUITests/Info.plist;
				LD_RUNPATH_SEARCH_PATHS = (
					"$(inherited)",
					"@executable_path/Frameworks",
					"@loader_path/Frameworks",
				);
				PRODUCT_BUNDLE_IDENTIFIER = "com.wizz.Book-ListUITests";
				PRODUCT_NAME = "$(TARGET_NAME)";
				SWIFT_VERSION = 5.0;
				TARGETED_DEVICE_FAMILY = "1,2";
				TEST_TARGET_NAME = QuickTableView;
			};
			name = Release;
		};
/* End XCBuildConfiguration section */

/* Begin XCConfigurationList section */
		12B69B9B236246C0000C32EE /* Build configuration list for PBXProject "QuickTableView" */ = {
			isa = XCConfigurationList;
			buildConfigurations = (
				12B69BC8236246C2000C32EE /* Debug */,
				12B69BC9236246C2000C32EE /* Release */,
			);
			defaultConfigurationIsVisible = 0;
			defaultConfigurationName = Release;
		};
		12B69BCA236246C2000C32EE /* Build configuration list for PBXNativeTarget "QuickTableView" */ = {
			isa = XCConfigurationList;
			buildConfigurations = (
				12B69BCB236246C2000C32EE /* Debug */,
				12B69BCC236246C2000C32EE /* Release */,
			);
			defaultConfigurationIsVisible = 0;
			defaultConfigurationName = Release;
		};
		12B69BCD236246C2000C32EE /* Build configuration list for PBXNativeTarget "Book ListTests" */ = {
			isa = XCConfigurationList;
			buildConfigurations = (
				12B69BCE236246C2000C32EE /* Debug */,
				12B69BCF236246C2000C32EE /* Release */,
			);
			defaultConfigurationIsVisible = 0;
			defaultConfigurationName = Release;
		};
		12B69BD0236246C2000C32EE /* Build configuration list for PBXNativeTarget "Book ListUITests" */ = {
			isa = XCConfigurationList;
			buildConfigurations = (
				12B69BD1236246C2000C32EE /* Debug */,
				12B69BD2236246C2000C32EE /* Release */,
			);
			defaultConfigurationIsVisible = 0;
			defaultConfigurationName = Release;
		};
/* End XCConfigurationList section */
	};
	rootObject = 12B69B98236246C0000C32EE /* Project object */;
}
